dependencies:
- name: cockroachdb
  repository: https://charts.cockroachdb.com
  version: 5.0.7
- name: redis
  repository: https://charts.bitnami.com/bitnami
  version: 14.8.3
- name: acp
  repository: https://charts.cloudentity.io
  version: 0.12.4
digest: sha256:4a99c7f940b45baf2a9cda6e6b7c5526e9d7a01082769db2ee5acd80ee03dfce
generated: "2021-08-30T11:42:00.663206909+02:00"
