dependencies:
- name: hazelcast
  repository: https://hazelcast-charts.s3.amazonaws.com
  version: 2.11.0
- name: cockroachdb
  repository: https://charts.cockroachdb.com
  version: 5.0.7
- name: acp
  repository: https://charts.cloudentity.io
  version: 0.4.0
digest: sha256:2178964d7818f714560cf9894510b9599104b4f3cbf78828ad3c582bb655cc11
generated: "2021-04-21T17:28:00.763657614+02:00"
